
Microsoft Visual Studio Solution File, Format Version 12.00
# Visual Studio Version 17
VisualStudioVersion = 17.14.36221.1 d17.14
MinimumVisualStudioVersion = 10.0.40219.1
Project("{FAE04EC0-301F-11D3-BF4B-00C04F79EFBC}") = "InvoiceApp", "InvoiceApp.csproj", "{95645962-860D-452D-A75C-BE0D0BBC492E}"
EndProject
Global
	GlobalSection(SolutionConfigurationPlatforms) = preSolution
		Debug|Any CPU = Debug|Any CPU
		Release|Any CPU = Release|Any CPU
	EndGlobalSection
	GlobalSection(ProjectConfigurationPlatforms) = postSolution
		{95645962-860D-452D-A75C-BE0D0BBC492E}.Debug|Any CPU.ActiveCfg = Debug|Any CPU
		{95645962-860D-452D-A75C-BE0D0BBC492E}.Debug|Any CPU.Build.0 = Debug|Any CPU
		{95645962-860D-452D-A75C-BE0D0BBC492E}.Release|Any CPU.ActiveCfg = Release|Any CPU
		{95645962-860D-452D-A75C-BE0D0BBC492E}.Release|Any CPU.Build.0 = Release|Any CPU
	EndGlobalSection
	GlobalSection(SolutionProperties) = preSolution
		HideSolutionNode = FALSE
	EndGlobalSection
	GlobalSection(ExtensibilityGlobals) = postSolution
		SolutionGuid = {E0E579AB-49C1-486E-BEFD-43A32605B8BC}
	EndGlobalSection
EndGlobal
