
Microsoft Visual Studio Solution File, Format Version 12.00
# Visual Studio Version 17
VisualStudioVersion = 17.14.36221.1
MinimumVisualStudioVersion = 10.0.40219.1
Project("{FAE04EC0-301F-11D3-BF4B-00C04F79EFBC}") = "InvoiceApp", "InvoiceApp.csproj", "{95645962-860D-452D-A75C-BE0D0BBC492E}"
EndProject
Project("{FAE04EC0-301F-11D3-BF4B-00C04F79EFBC}") = "UITestHarness", "UITestHarness\UITestHarness.csproj", "{4A4A2D06-7BFA-4AE4-95FE-E1CA492F64D5}"
EndProject
Project("{FAE04EC0-301F-11D3-BF4B-00C04F79EFBC}") = "AppiumTests", "AppiumTests\AppiumTests.csproj", "{6DF0792B-1142-45FD-83E7-7E0C71994B0C}"
EndProject
Global
	GlobalSection(SolutionConfigurationPlatforms) = preSolution
		Debug|Any CPU = Debug|Any CPU
		Release|Any CPU = Release|Any CPU
	EndGlobalSection
	GlobalSection(ProjectConfigurationPlatforms) = postSolution
                {95645962-860D-452D-A75C-BE0D0BBC492E}.Debug|Any CPU.ActiveCfg = Debug|Any CPU
                {95645962-860D-452D-A75C-BE0D0BBC492E}.Debug|Any CPU.Build.0 = Debug|Any CPU
                {95645962-860D-452D-A75C-BE0D0BBC492E}.Release|Any CPU.ActiveCfg = Release|Any CPU
                {95645962-860D-452D-A75C-BE0D0BBC492E}.Release|Any CPU.Build.0 = Release|Any CPU
                {4A4A2D06-7BFA-4AE4-95FE-E1CA492F64D5}.Debug|Any CPU.ActiveCfg = Debug|Any CPU
                {4A4A2D06-7BFA-4AE4-95FE-E1CA492F64D5}.Debug|Any CPU.Build.0 = Debug|Any CPU
                {4A4A2D06-7BFA-4AE4-95FE-E1CA492F64D5}.Release|Any CPU.ActiveCfg = Release|Any CPU
                {4A4A2D06-7BFA-4AE4-95FE-E1CA492F64D5}.Release|Any CPU.Build.0 = Release|Any CPU
                {6DF0792B-1142-45FD-83E7-7E0C71994B0C}.Debug|Any CPU.ActiveCfg = Debug|Any CPU
                {6DF0792B-1142-45FD-83E7-7E0C71994B0C}.Debug|Any CPU.Build.0 = Debug|Any CPU
                {6DF0792B-1142-45FD-83E7-7E0C71994B0C}.Release|Any CPU.ActiveCfg = Release|Any CPU
                {6DF0792B-1142-45FD-83E7-7E0C71994B0C}.Release|Any CPU.Build.0 = Release|Any CPU
        EndGlobalSection
	GlobalSection(SolutionProperties) = preSolution
		HideSolutionNode = FALSE
	EndGlobalSection
	GlobalSection(ExtensibilityGlobals) = postSolution
		SolutionGuid = {AC592E45-7610-415E-A728-D491CA153697}
	EndGlobalSection
EndGlobal
